
Microsoft Visual Studio Solution File, Format Version 12.00
# Visual Studio Version 16
VisualStudioVersion = 16.0.32106.194
MinimumVisualStudioVersion = 10.0.40219.1
Project("{FAE04EC0-301F-11D3-BF4B-00C04F79EFBC}") = "ValorFrete", "ValorFrete\ValorFrete.csproj", "{A08D9972-D951-4DCC-8B55-97A4680D43DE}"
EndProject
Global
	GlobalSection(SolutionConfigurationPlatforms) = preSolution
		Debug|Any CPU = Debug|Any CPU
		Release|Any CPU = Release|Any CPU
	EndGlobalSection
	GlobalSection(ProjectConfigurationPlatforms) = postSolution
		{A08D9972-D951-4DCC-8B55-97A4680D43DE}.Debug|Any CPU.ActiveCfg = Debug|Any CPU
		{A08D9972-D951-4DCC-8B55-97A4680D43DE}.Debug|Any CPU.Build.0 = Debug|Any CPU
		{A08D9972-D951-4DCC-8B55-97A4680D43DE}.Release|Any CPU.ActiveCfg = Release|Any CPU
		{A08D9972-D951-4DCC-8B55-97A4680D43DE}.Release|Any CPU.Build.0 = Release|Any CPU
	EndGlobalSection
	GlobalSection(SolutionProperties) = preSolution
		HideSolutionNode = FALSE
	EndGlobalSection
	GlobalSection(ExtensibilityGlobals) = postSolution
		SolutionGuid = {E9EDA50A-F281-4361-B5BA-2988C90240C2}
	EndGlobalSection
EndGlobal
